
Microsoft Visual Studio Solution File, Format Version 12.00
# Visual Studio Version 17
VisualStudioVersion = 17.13.35825.156 d17.13
MinimumVisualStudioVersion = 10.0.40219.1
Project("{FAE04EC0-301F-11D3-BF4B-00C04F79EFBC}") = "ProNatur-Biomarkt GmbH", "ProNatur-Biomarkt GmbH\ProNatur-Biomarkt GmbH.csproj", "{AD5667E7-C885-4BF5-8452-3A5B7D24932F}"
EndProject
Global
	GlobalSection(SolutionConfigurationPlatforms) = preSolution
		Debug|Any CPU = Debug|Any CPU
		Release|Any CPU = Release|Any CPU
	EndGlobalSection
	GlobalSection(ProjectConfigurationPlatforms) = postSolution
		{AD5667E7-C885-4BF5-8452-3A5B7D24932F}.Debug|Any CPU.ActiveCfg = Debug|Any CPU
		{AD5667E7-C885-4BF5-8452-3A5B7D24932F}.Debug|Any CPU.Build.0 = Debug|Any CPU
		{AD5667E7-C885-4BF5-8452-3A5B7D24932F}.Release|Any CPU.ActiveCfg = Release|Any CPU
		{AD5667E7-C885-4BF5-8452-3A5B7D24932F}.Release|Any CPU.Build.0 = Release|Any CPU
	EndGlobalSection
	GlobalSection(SolutionProperties) = preSolution
		HideSolutionNode = FALSE
	EndGlobalSection
	GlobalSection(ExtensibilityGlobals) = postSolution
		SolutionGuid = {7E77F685-96ED-4448-9019-20DA9E1D327B}
	EndGlobalSection
EndGlobal
